{
  "requires": true,
  "lockfileVersion": 1,
  "dependencies": {
    "@livelybone/copy": {
      "version": "2.6.5",
      "resolved": "https://registry.npmjs.org/@livelybone/copy/-/copy-2.6.5.tgz",
      "integrity": "sha512-FAF2k46ZYXcGccRBkA0z0qvyI4it/KV9kxu2+dNmSA4mIocWnSXoBumdArDD6akPJsLxRAcmGuGMTaqYbLXzYw=="
    },
    "@livelybone/date-generator": {
      "version": "4.2.1",
      "resolved": "https://registry.npmjs.org/@livelybone/date-generator/-/date-generator-4.2.1.tgz",
      "integrity": "sha512-rcxOwM5S5c0dr6NWRMp7Wial7yT9yjBiFkJt28TuXvPu1OrzB34bLxp9TqRK84dXyiWdKgPlcQmcx/xiWv1dzw=="
    },
    "@livelybone/mouse-events": {
      "version": "1.0.0",
      "resolved": "https://registry.npmjs.org/@livelybone/mouse-events/-/mouse-events-1.0.0.tgz",
      "integrity": "sha512-JuAy6wq2CJnvOnmFX26OSy5n1G7b2TxizD2FMTuphcQAGBRGxsb/o+ZAydG3xIekrrxYS9E6Fwpap/1c0KJQ0A==",
      "requires": {
        "@livelybone/mouse-wheel": "^4.2.1",
        "is-mobile": "^2.0.1"
      }
    },
    "@livelybone/mouse-wheel": {
      "version": "4.2.1",
      "resolved": "https://registry.npmjs.org/@livelybone/mouse-wheel/-/mouse-wheel-4.2.1.tgz",
      "integrity": "sha512-4MSMarV5bYE2g7EksiWEM3gr+Z4zaCyIiU7uyyRZ4eqfCzLKo+LCStrUgAv4PC6ykmZpASYUzwM2PWSeqJuTqw=="
    },
    "@livelybone/scroll-get": {
      "version": "5.0.2",
      "resolved": "https://registry.npmjs.org/@livelybone/scroll-get/-/scroll-get-5.0.2.tgz",
      "integrity": "sha512-zswJ9y1Ygsu5Nnewu+i/Ee/vSsVpENCt67zDxuUo2CyGPtNVFF3eKcs1JMFmPJUrltb49SFgDOFoGXsPFIFjhw=="
    },
    "@livelybone/vue-datepicker": {
      "version": "4.1.0",
      "resolved": "https://registry.npmjs.org/@livelybone/vue-datepicker/-/vue-datepicker-4.1.0.tgz",
      "integrity": "sha512-MnUWzdFKNGZFBjjTFujJ1ybEBIDlEMPWwUJU62O3wNCcgBFDqL1NEGK/SqP3FXge+ZNbpz99sXGad6Yh+UuEuA==",
      "requires": {
        "@livelybone/copy": "^2.6.3",
        "@livelybone/date-generator": "^4.2.1",
        "@livelybone/vue-popper": "^2.4.0",
        "vue-scrollbar-live": "^5.7.1"
      }
    },
    "@livelybone/vue-popper": {
      "version": "2.4.0",
      "resolved": "https://registry.npmjs.org/@livelybone/vue-popper/-/vue-popper-2.4.0.tgz",
      "integrity": "sha512-JUADQjeHKV8ACBzcdJRXivAZ71/Iz7FJ8vQTkqS0eM+EDZtQoqsFW4AQoGJHlfw7L5TxUxY3BDLu9Dqb2cy03A==",
      "requires": {
        "popper.js": "^1.14.4"
      }
    },
    "@material/animation": {
      "version": "0.40.1",
      "resolved": "https://registry.npmjs.org/@material/animation/-/animation-0.40.1.tgz",
      "integrity": "sha512-HtxFUw04EHg4S6pXfTA3Z0wKxnNDNcDhe1Np2Y2geo+lAk2Hb7m8yCL/GaL9o2I/eRYsgUXC0U7+Mk74GCz3zw=="
    },
    "@material/base": {
      "version": "0.40.1",
      "resolved": "https://registry.npmjs.org/@material/base/-/base-0.40.1.tgz",
      "integrity": "sha512-vrbOK8hONVCYgURQ9h7nkXvMdYnZVVNmAfFFijF8fbWQdwnoPcNTdqV6RoQlhBEqHYHQqLNfdUDlznAPKLclGQ=="
    },
    "@material/button": {
      "version": "0.40.1",
      "resolved": "https://registry.npmjs.org/@material/button/-/button-0.40.1.tgz",
      "integrity": "sha512-xLNjq9zySnpZAP4UynyeXnnlLXf3iIA/6ilecwgF4d2ooUmNXcRdlRa8wGYT36JHsCfsP3AeZOjoTZUcmaiejw==",
      "requires": {
        "@material/elevation": "^0.40.1",
        "@material/ripple": "^0.40.1",
        "@material/rtl": "^0.40.1",
        "@material/shape": "^0.40.1",
        "@material/theme": "^0.40.1",
        "@material/typography": "^0.40.1"
      }
    },
    "@material/elevation": {
      "version": "0.40.1",
      "resolved": "https://registry.npmjs.org/@material/elevation/-/elevation-0.40.1.tgz",
      "integrity": "sha512-VD9ii90WzI+t4df08A9hQIsYLH/N+85a2Mqo10CNVZLZYW5fDOwFH/h7553aNoAuSHKPcGCLdyav9J9oC6TSaQ==",
      "requires": {
        "@material/animation": "^0.40.1",
        "@material/theme": "^0.40.1"
      }
    },
    "@material/ripple": {
      "version": "0.40.1",
      "resolved": "https://registry.npmjs.org/@material/ripple/-/ripple-0.40.1.tgz",
      "integrity": "sha512-sndeTS4VHa0v1UGj7MNcxMCuO9LJ1DjoL1EjE6BH3Lm3M1MnXJHdsBo2CgPbU/FI84tt6+eyHGOYPdPrEDJhCA==",
      "requires": {
        "@material/animation": "^0.40.1",
        "@material/base": "^0.40.1",
        "@material/theme": "^0.40.1"
      }
    },
    "@material/rtl": {
      "version": "0.40.1",
      "resolved": "https://registry.npmjs.org/@material/rtl/-/rtl-0.40.1.tgz",
      "integrity": "sha512-Pk6Iw1/KrhWZoZtkDsPMDUW0bm7Z1zeXb3MTQRCFmjf1wU5cRxgOTtuoZLcJqlcKGppLAzJL/TJV3E7KEiuL0A=="
    },
    "@material/shape": {
      "version": "0.40.1",
      "resolved": "https://registry.npmjs.org/@material/shape/-/shape-0.40.1.tgz",
      "integrity": "sha512-o1pw5+s/jWqsKbUAkCCaEcB8XLqJ4FlZhYfSvxZ88WRw9zoWOt9iQMMP82wLWhUX1DSzpNRI8BAD7aNLK6yRlA=="
    },
    "@material/theme": {
      "version": "0.40.1",
      "resolved": "https://registry.npmjs.org/@material/theme/-/theme-0.40.1.tgz",
      "integrity": "sha512-cH1CsGIDisEQ2oroZhLTypV0Ir00x3WIwFXnPo7qv3832tuIDkZY623U3rUax6KNPz4Hh1j0tNpTwgrNZwvwWA=="
    },
    "@material/typography": {
      "version": "0.40.1",
      "resolved": "https://registry.npmjs.org/@material/typography/-/typography-0.40.1.tgz",
      "integrity": "sha512-LkW2tAsId8zGKxGA5VIFXV/D1h4vCHQIuALRMaDpHbNGffgr2ubtJNvCh2EQkm19MTv4igVLEjn1Svh0dXcTpA=="
    },
    "@vue/composition-api": {
      "version": "0.3.4",
      "resolved": "https://registry.npmjs.org/@vue/composition-api/-/composition-api-0.3.4.tgz",
      "integrity": "sha512-aMbg/pEk0PSQAIFyWWLqbAmaCCTx1kFq+49KZslIBJH9Wqos7eEPLtMv4gGxd/EcciBIgfbtUXaXGg/O3mheRA==",
      "requires": {
        "tslib": "^1.9.3"
      }
    },
    "core-js": {
      "version": "3.17.2",
      "resolved": "https://registry.npmjs.org/core-js/-/core-js-3.17.2.tgz",
      "integrity": "sha512-XkbXqhcXeMHPRk2ItS+zQYliAMilea2euoMsnpRRdDad6b2VY6CQQcwz1K8AnWesfw4p165RzY0bTnr3UrbYiA=="
    },
    "is-mobile": {
      "version": "2.2.2",
      "resolved": "https://registry.npmjs.org/is-mobile/-/is-mobile-2.2.2.tgz",
      "integrity": "sha512-wW/SXnYJkTjs++tVK5b6kVITZpAZPtUrt9SF80vvxGiF/Oywal+COk1jlRkiVq15RFNEQKQY31TkV24/1T5cVg=="
    },
    "moment": {
      "version": "2.29.1",
      "resolved": "https://registry.npmjs.org/moment/-/moment-2.29.1.tgz",
      "integrity": "sha512-kHmoybcPV8Sqy59DwNDY3Jefr64lK/by/da0ViFcuA4DH0vQg5Q6Ze5VimxkfQNSC+Mls/Kx53s7TjP1RhFEDQ=="
    },
    "popper.js": {
      "version": "1.16.1",
      "resolved": "https://registry.npmjs.org/popper.js/-/popper.js-1.16.1.tgz",
      "integrity": "sha512-Wb4p1J4zyFTbM+u6WuO4XstYx4Ky9Cewe4DWrel7B0w6VVICvPwdOpotjzcf6eD8TsckVnIMNONQyPIUFOUbCQ=="
    },
    "tslib": {
      "version": "1.14.1",
      "resolved": "https://registry.npmjs.org/tslib/-/tslib-1.14.1.tgz",
      "integrity": "sha512-Xni35NKzjgMrwevysHTCArtLDpPvye8zV/0E4EyYn43P7/7qvQwPh9BGkHewbMulVntbigmcT7rdX3BNo9wRJg=="
    },
    "v-md-date-range-picker": {
      "version": "2.6.0",
      "resolved": "https://registry.npmjs.org/v-md-date-range-picker/-/v-md-date-range-picker-2.6.0.tgz",
      "integrity": "sha512-SkfP2mjTChPimbayJ/n5KP2ltjs1wOK94HFNcam0a85kpofAEEKqQ8QVESzr1S7darBukf6qFPjnCA7XLvOcqw==",
      "requires": {
        "@material/button": "^0.40.0",
        "moment": "^2.22.2"
      }
    },
    "vue": {
      "version": "2.6.14",
      "resolved": "https://registry.npmjs.org/vue/-/vue-2.6.14.tgz",
      "integrity": "sha512-x2284lgYvjOMj3Za7kqzRcUSxBboHqtgRE2zlos1qWaOye5yUmHn42LB1250NJBLRwEcdrB0JRwyPTEPhfQjiQ=="
    },
    "vue-scrollbar-live": {
      "version": "5.7.1",
      "resolved": "https://registry.npmjs.org/vue-scrollbar-live/-/vue-scrollbar-live-5.7.1.tgz",
      "integrity": "sha512-bN/Bx6Olq9IWi6fR4BdsvslKfBlX6oz7ocS8haev09PmP2bgSzCdv/J2SQdra8QgHB0FfXwKOjg7cqkSrWVWsA==",
      "requires": {
        "@livelybone/mouse-events": "^1.0.0",
        "@livelybone/scroll-get": "^5.0.2"
      }
    },
    "vueye-datepicker": {
      "version": "0.1.7",
      "resolved": "https://registry.npmjs.org/vueye-datepicker/-/vueye-datepicker-0.1.7.tgz",
      "integrity": "sha512-4yjbDomGJC7h9CNCQBHiFpAkQ/4DAOcDbrOe8J+Q6ZEoQM01E9rj5KSXHAyJJE1rMzgtjPWyU1QkZBkwip5aiQ==",
      "requires": {
        "@vue/composition-api": "^0.3.4",
        "core-js": "^3.6.4",
        "vue": "^2.6.11"
      }
    }
  }
}
